
Microsoft Visual Studio Solution File, Format Version 12.00
# Visual Studio 15
VisualStudioVersion = 15.0.28307.902
MinimumVisualStudioVersion = 10.0.40219.1
Project("{FAE04EC0-301F-11D3-BF4B-00C04F79EFBC}") = "Kenduri.Client.Android", "Kenduri.Client\Kenduri.Client.Android\Kenduri.Client.Android.csproj", "{41BBDACF-3769-4A36-B5AF-06AD05B95453}"
EndProject
Project("{FAE04EC0-301F-11D3-BF4B-00C04F79EFBC}") = "Kenduri.Client.iOS", "Kenduri.Client\Kenduri.Client.iOS\Kenduri.Client.iOS.csproj", "{3C96ED63-BA74-4659-915D-79D90A1EA947}"
EndProject
Project("{FAE04EC0-301F-11D3-BF4B-00C04F79EFBC}") = "Kenduri.Client", "Kenduri.Client\Kenduri.Client\Kenduri.Client.csproj", "{FA6ACABE-D9B2-45C4-B01B-D86E9DFD6D17}"
EndProject
Global
	GlobalSection(SolutionConfigurationPlatforms) = preSolution
		Ad-Hoc|Any CPU = Ad-Hoc|Any CPU
		Ad-Hoc|iPhone = Ad-Hoc|iPhone
		Ad-Hoc|iPhoneSimulator = Ad-Hoc|iPhoneSimulator
		AppStore|Any CPU = AppStore|Any CPU
		AppStore|iPhone = AppStore|iPhone
		AppStore|iPhoneSimulator = AppStore|iPhoneSimulator
		Debug|Any CPU = Debug|Any CPU
		Debug|iPhone = Debug|iPhone
		Debug|iPhoneSimulator = Debug|iPhoneSimulator
		Release|Any CPU = Release|Any CPU
		Release|iPhone = Release|iPhone
		Release|iPhoneSimulator = Release|iPhoneSimulator
	EndGlobalSection
	GlobalSection(ProjectConfigurationPlatforms) = postSolution
		{41BBDACF-3769-4A36-B5AF-06AD05B95453}.Ad-Hoc|Any CPU.ActiveCfg = Release|Any CPU
		{41BBDACF-3769-4A36-B5AF-06AD05B95453}.Ad-Hoc|Any CPU.Build.0 = Release|Any CPU
		{41BBDACF-3769-4A36-B5AF-06AD05B95453}.Ad-Hoc|Any CPU.Deploy.0 = Release|Any CPU
		{41BBDACF-3769-4A36-B5AF-06AD05B95453}.Ad-Hoc|iPhone.ActiveCfg = Release|Any CPU
		{41BBDACF-3769-4A36-B5AF-06AD05B95453}.Ad-Hoc|iPhone.Build.0 = Release|Any CPU
		{41BBDACF-3769-4A36-B5AF-06AD05B95453}.Ad-Hoc|iPhone.Deploy.0 = Release|Any CPU
		{41BBDACF-3769-4A36-B5AF-06AD05B95453}.Ad-Hoc|iPhoneSimulator.ActiveCfg = Release|Any CPU
		{41BBDACF-3769-4A36-B5AF-06AD05B95453}.Ad-Hoc|iPhoneSimulator.Build.0 = Release|Any CPU
		{41BBDACF-3769-4A36-B5AF-06AD05B95453}.Ad-Hoc|iPhoneSimulator.Deploy.0 = Release|Any CPU
		{41BBDACF-3769-4A36-B5AF-06AD05B95453}.AppStore|Any CPU.ActiveCfg = Release|Any CPU
		{41BBDACF-3769-4A36-B5AF-06AD05B95453}.AppStore|Any CPU.Build.0 = Release|Any CPU
		{41BBDACF-3769-4A36-B5AF-06AD05B95453}.AppStore|Any CPU.Deploy.0 = Release|Any CPU
		{41BBDACF-3769-4A36-B5AF-06AD05B95453}.AppStore|iPhone.ActiveCfg = Release|Any CPU
		{41BBDACF-3769-4A36-B5AF-06AD05B95453}.AppStore|iPhone.Build.0 = Release|Any CPU
		{41BBDACF-3769-4A36-B5AF-06AD05B95453}.AppStore|iPhone.Deploy.0 = Release|Any CPU
		{41BBDACF-3769-4A36-B5AF-06AD05B95453}.AppStore|iPhoneSimulator.ActiveCfg = Release|Any CPU
		{41BBDACF-3769-4A36-B5AF-06AD05B95453}.AppStore|iPhoneSimulator.Build.0 = Release|Any CPU
		{41BBDACF-3769-4A36-B5AF-06AD05B95453}.AppStore|iPhoneSimulator.Deploy.0 = Release|Any CPU
		{41BBDACF-3769-4A36-B5AF-06AD05B95453}.Debug|Any CPU.ActiveCfg = Debug|Any CPU
		{41BBDACF-3769-4A36-B5AF-06AD05B95453}.Debug|Any CPU.Build.0 = Debug|Any CPU
		{41BBDACF-3769-4A36-B5AF-06AD05B95453}.Debug|Any CPU.Deploy.0 = Debug|Any CPU
		{41BBDACF-3769-4A36-B5AF-06AD05B95453}.Debug|iPhone.ActiveCfg = Debug|Any CPU
		{41BBDACF-3769-4A36-B5AF-06AD05B95453}.Debug|iPhone.Build.0 = Debug|Any CPU
		{41BBDACF-3769-4A36-B5AF-06AD05B95453}.Debug|iPhone.Deploy.0 = Debug|Any CPU
		{41BBDACF-3769-4A36-B5AF-06AD05B95453}.Debug|iPhoneSimulator.ActiveCfg = Debug|Any CPU
		{41BBDACF-3769-4A36-B5AF-06AD05B95453}.Debug|iPhoneSimulator.Build.0 = Debug|Any CPU
		{41BBDACF-3769-4A36-B5AF-06AD05B95453}.Debug|iPhoneSimulator.Deploy.0 = Debug|Any CPU
		{41BBDACF-3769-4A36-B5AF-06AD05B95453}.Release|Any CPU.ActiveCfg = Release|Any CPU
		{41BBDACF-3769-4A36-B5AF-06AD05B95453}.Release|Any CPU.Build.0 = Release|Any CPU
		{41BBDACF-3769-4A36-B5AF-06AD05B95453}.Release|Any CPU.Deploy.0 = Release|Any CPU
		{41BBDACF-3769-4A36-B5AF-06AD05B95453}.Release|iPhone.ActiveCfg = Release|Any CPU
		{41BBDACF-3769-4A36-B5AF-06AD05B95453}.Release|iPhone.Build.0 = Release|Any CPU
		{41BBDACF-3769-4A36-B5AF-06AD05B95453}.Release|iPhone.Deploy.0 = Release|Any CPU
		{41BBDACF-3769-4A36-B5AF-06AD05B95453}.Release|iPhoneSimulator.ActiveCfg = Release|Any CPU
		{41BBDACF-3769-4A36-B5AF-06AD05B95453}.Release|iPhoneSimulator.Build.0 = Release|Any CPU
		{41BBDACF-3769-4A36-B5AF-06AD05B95453}.Release|iPhoneSimulator.Deploy.0 = Release|Any CPU
		{3C96ED63-BA74-4659-915D-79D90A1EA947}.Ad-Hoc|Any CPU.ActiveCfg = Ad-Hoc|iPhone
		{3C96ED63-BA74-4659-915D-79D90A1EA947}.Ad-Hoc|Any CPU.Build.0 = Ad-Hoc|iPhone
		{3C96ED63-BA74-4659-915D-79D90A1EA947}.Ad-Hoc|Any CPU.Deploy.0 = Ad-Hoc|iPhone
		{3C96ED63-BA74-4659-915D-79D90A1EA947}.Ad-Hoc|iPhone.ActiveCfg = Ad-Hoc|iPhone
		{3C96ED63-BA74-4659-915D-79D90A1EA947}.Ad-Hoc|iPhone.Build.0 = Ad-Hoc|iPhone
		{3C96ED63-BA74-4659-915D-79D90A1EA947}.Ad-Hoc|iPhone.Deploy.0 = Ad-Hoc|iPhone
		{3C96ED63-BA74-4659-915D-79D90A1EA947}.Ad-Hoc|iPhoneSimulator.ActiveCfg = Ad-Hoc|iPhoneSimulator
		{3C96ED63-BA74-4659-915D-79D90A1EA947}.Ad-Hoc|iPhoneSimulator.Build.0 = Ad-Hoc|iPhoneSimulator
		{3C96ED63-BA74-4659-915D-79D90A1EA947}.Ad-Hoc|iPhoneSimulator.Deploy.0 = Ad-Hoc|iPhoneSimulator
		{3C96ED63-BA74-4659-915D-79D90A1EA947}.AppStore|Any CPU.ActiveCfg = AppStore|iPhone
		{3C96ED63-BA74-4659-915D-79D90A1EA947}.AppStore|Any CPU.Build.0 = AppStore|iPhone
		{3C96ED63-BA74-4659-915D-79D90A1EA947}.AppStore|Any CPU.Deploy.0 = AppStore|iPhone
		{3C96ED63-BA74-4659-915D-79D90A1EA947}.AppStore|iPhone.ActiveCfg = AppStore|iPhone
		{3C96ED63-BA74-4659-915D-79D90A1EA947}.AppStore|iPhone.Build.0 = AppStore|iPhone
		{3C96ED63-BA74-4659-915D-79D90A1EA947}.AppStore|iPhone.Deploy.0 = AppStore|iPhone
		{3C96ED63-BA74-4659-915D-79D90A1EA947}.AppStore|iPhoneSimulator.ActiveCfg = AppStore|iPhoneSimulator
		{3C96ED63-BA74-4659-915D-79D90A1EA947}.AppStore|iPhoneSimulator.Build.0 = AppStore|iPhoneSimulator
		{3C96ED63-BA74-4659-915D-79D90A1EA947}.AppStore|iPhoneSimulator.Deploy.0 = AppStore|iPhoneSimulator
		{3C96ED63-BA74-4659-915D-79D90A1EA947}.Debug|Any CPU.ActiveCfg = Debug|iPhoneSimulator
		{3C96ED63-BA74-4659-915D-79D90A1EA947}.Debug|Any CPU.Build.0 = Debug|iPhoneSimulator
		{3C96ED63-BA74-4659-915D-79D90A1EA947}.Debug|Any CPU.Deploy.0 = Debug|iPhoneSimulator
		{3C96ED63-BA74-4659-915D-79D90A1EA947}.Debug|iPhone.ActiveCfg = Debug|iPhone
		{3C96ED63-BA74-4659-915D-79D90A1EA947}.Debug|iPhone.Build.0 = Debug|iPhone
		{3C96ED63-BA74-4659-915D-79D90A1EA947}.Debug|iPhone.Deploy.0 = Debug|iPhone
		{3C96ED63-BA74-4659-915D-79D90A1EA947}.Debug|iPhoneSimulator.ActiveCfg = Debug|iPhoneSimulator
		{3C96ED63-BA74-4659-915D-79D90A1EA947}.Debug|iPhoneSimulator.Build.0 = Debug|iPhoneSimulator
		{3C96ED63-BA74-4659-915D-79D90A1EA947}.Debug|iPhoneSimulator.Deploy.0 = Debug|iPhoneSimulator
		{3C96ED63-BA74-4659-915D-79D90A1EA947}.Release|Any CPU.ActiveCfg = Release|iPhone
		{3C96ED63-BA74-4659-915D-79D90A1EA947}.Release|Any CPU.Build.0 = Release|iPhone
		{3C96ED63-BA74-4659-915D-79D90A1EA947}.Release|Any CPU.Deploy.0 = Release|iPhone
		{3C96ED63-BA74-4659-915D-79D90A1EA947}.Release|iPhone.ActiveCfg = Release|iPhone
		{3C96ED63-BA74-4659-915D-79D90A1EA947}.Release|iPhone.Build.0 = Release|iPhone
		{3C96ED63-BA74-4659-915D-79D90A1EA947}.Release|iPhone.Deploy.0 = Release|iPhone
		{3C96ED63-BA74-4659-915D-79D90A1EA947}.Release|iPhoneSimulator.ActiveCfg = Release|iPhoneSimulator
		{3C96ED63-BA74-4659-915D-79D90A1EA947}.Release|iPhoneSimulator.Build.0 = Release|iPhoneSimulator
		{3C96ED63-BA74-4659-915D-79D90A1EA947}.Release|iPhoneSimulator.Deploy.0 = Release|iPhoneSimulator
		{FA6ACABE-D9B2-45C4-B01B-D86E9DFD6D17}.Ad-Hoc|Any CPU.ActiveCfg = Debug|Any CPU
		{FA6ACABE-D9B2-45C4-B01B-D86E9DFD6D17}.Ad-Hoc|Any CPU.Build.0 = Debug|Any CPU
		{FA6ACABE-D9B2-45C4-B01B-D86E9DFD6D17}.Ad-Hoc|Any CPU.Deploy.0 = Debug|Any CPU
		{FA6ACABE-D9B2-45C4-B01B-D86E9DFD6D17}.Ad-Hoc|iPhone.ActiveCfg = Debug|Any CPU
		{FA6ACABE-D9B2-45C4-B01B-D86E9DFD6D17}.Ad-Hoc|iPhone.Build.0 = Debug|Any CPU
		{FA6ACABE-D9B2-45C4-B01B-D86E9DFD6D17}.Ad-Hoc|iPhone.Deploy.0 = Debug|Any CPU
		{FA6ACABE-D9B2-45C4-B01B-D86E9DFD6D17}.Ad-Hoc|iPhoneSimulator.ActiveCfg = Debug|Any CPU
		{FA6ACABE-D9B2-45C4-B01B-D86E9DFD6D17}.Ad-Hoc|iPhoneSimulator.Build.0 = Debug|Any CPU
		{FA6ACABE-D9B2-45C4-B01B-D86E9DFD6D17}.Ad-Hoc|iPhoneSimulator.Deploy.0 = Debug|Any CPU
		{FA6ACABE-D9B2-45C4-B01B-D86E9DFD6D17}.AppStore|Any CPU.ActiveCfg = Debug|Any CPU
		{FA6ACABE-D9B2-45C4-B01B-D86E9DFD6D17}.AppStore|Any CPU.Build.0 = Debug|Any CPU
		{FA6ACABE-D9B2-45C4-B01B-D86E9DFD6D17}.AppStore|Any CPU.Deploy.0 = Debug|Any CPU
		{FA6ACABE-D9B2-45C4-B01B-D86E9DFD6D17}.AppStore|iPhone.ActiveCfg = Debug|Any CPU
		{FA6ACABE-D9B2-45C4-B01B-D86E9DFD6D17}.AppStore|iPhone.Build.0 = Debug|Any CPU
		{FA6ACABE-D9B2-45C4-B01B-D86E9DFD6D17}.AppStore|iPhone.Deploy.0 = Debug|Any CPU
		{FA6ACABE-D9B2-45C4-B01B-D86E9DFD6D17}.AppStore|iPhoneSimulator.ActiveCfg = Debug|Any CPU
		{FA6ACABE-D9B2-45C4-B01B-D86E9DFD6D17}.AppStore|iPhoneSimulator.Build.0 = Debug|Any CPU
		{FA6ACABE-D9B2-45C4-B01B-D86E9DFD6D17}.AppStore|iPhoneSimulator.Deploy.0 = Debug|Any CPU
		{FA6ACABE-D9B2-45C4-B01B-D86E9DFD6D17}.Debug|Any CPU.ActiveCfg = Debug|Any CPU
		{FA6ACABE-D9B2-45C4-B01B-D86E9DFD6D17}.Debug|Any CPU.Build.0 = Debug|Any CPU
		{FA6ACABE-D9B2-45C4-B01B-D86E9DFD6D17}.Debug|Any CPU.Deploy.0 = Debug|Any CPU
		{FA6ACABE-D9B2-45C4-B01B-D86E9DFD6D17}.Debug|iPhone.ActiveCfg = Debug|Any CPU
		{FA6ACABE-D9B2-45C4-B01B-D86E9DFD6D17}.Debug|iPhone.Build.0 = Debug|Any CPU
		{FA6ACABE-D9B2-45C4-B01B-D86E9DFD6D17}.Debug|iPhone.Deploy.0 = Debug|Any CPU
		{FA6ACABE-D9B2-45C4-B01B-D86E9DFD6D17}.Debug|iPhoneSimulator.ActiveCfg = Debug|Any CPU
		{FA6ACABE-D9B2-45C4-B01B-D86E9DFD6D17}.Debug|iPhoneSimulator.Build.0 = Debug|Any CPU
		{FA6ACABE-D9B2-45C4-B01B-D86E9DFD6D17}.Debug|iPhoneSimulator.Deploy.0 = Debug|Any CPU
		{FA6ACABE-D9B2-45C4-B01B-D86E9DFD6D17}.Release|Any CPU.ActiveCfg = Release|Any CPU
		{FA6ACABE-D9B2-45C4-B01B-D86E9DFD6D17}.Release|Any CPU.Build.0 = Release|Any CPU
		{FA6ACABE-D9B2-45C4-B01B-D86E9DFD6D17}.Release|Any CPU.Deploy.0 = Release|Any CPU
		{FA6ACABE-D9B2-45C4-B01B-D86E9DFD6D17}.Release|iPhone.ActiveCfg = Release|Any CPU
		{FA6ACABE-D9B2-45C4-B01B-D86E9DFD6D17}.Release|iPhone.Build.0 = Release|Any CPU
		{FA6ACABE-D9B2-45C4-B01B-D86E9DFD6D17}.Release|iPhone.Deploy.0 = Release|Any CPU
		{FA6ACABE-D9B2-45C4-B01B-D86E9DFD6D17}.Release|iPhoneSimulator.ActiveCfg = Release|Any CPU
		{FA6ACABE-D9B2-45C4-B01B-D86E9DFD6D17}.Release|iPhoneSimulator.Build.0 = Release|Any CPU
		{FA6ACABE-D9B2-45C4-B01B-D86E9DFD6D17}.Release|iPhoneSimulator.Deploy.0 = Release|Any CPU
	EndGlobalSection
	GlobalSection(SolutionProperties) = preSolution
		HideSolutionNode = FALSE
	EndGlobalSection
	GlobalSection(ExtensibilityGlobals) = postSolution
		SolutionGuid = {41B03F11-C04F-4B25-9711-1918E2C9B2D9}
	EndGlobalSection
EndGlobal
